
Microsoft Visual Studio Solution File, Format Version 12.00
# Visual Studio Version 17
VisualStudioVersion = 17.14.36310.24 d17.14
MinimumVisualStudioVersion = 10.0.40219.1
Project("{FAE04EC0-301F-11D3-BF4B-00C04F79EFBC}") = "Frontend-Contenedores", "Frontend-Contenedores.csproj", "{B661DEB7-B239-4746-B3F2-EDBEA5A541DC}"
EndProject
Global
	GlobalSection(SolutionConfigurationPlatforms) = preSolution
		Debug|Any CPU = Debug|Any CPU
		Release|Any CPU = Release|Any CPU
	EndGlobalSection
	GlobalSection(ProjectConfigurationPlatforms) = postSolution
		{B661DEB7-B239-4746-B3F2-EDBEA5A541DC}.Debug|Any CPU.ActiveCfg = Debug|Any CPU
		{B661DEB7-B239-4746-B3F2-EDBEA5A541DC}.Debug|Any CPU.Build.0 = Debug|Any CPU
		{B661DEB7-B239-4746-B3F2-EDBEA5A541DC}.Release|Any CPU.ActiveCfg = Release|Any CPU
		{B661DEB7-B239-4746-B3F2-EDBEA5A541DC}.Release|Any CPU.Build.0 = Release|Any CPU
	EndGlobalSection
	GlobalSection(SolutionProperties) = preSolution
		HideSolutionNode = FALSE
	EndGlobalSection
	GlobalSection(ExtensibilityGlobals) = postSolution
		SolutionGuid = {1C88B8A5-004D-42E6-AA16-8253D30A57FA}
	EndGlobalSection
EndGlobal
